
Microsoft Visual Studio Solution File, Format Version 12.00
# Visual Studio Version 16
VisualStudioVersion = 16.0.30011.22
MinimumVisualStudioVersion = 10.0.40219.1
Project("{FAE04EC0-301F-11D3-BF4B-00C04F79EFBC}") = "JoKenPo", "JoKenPo\JoKenPo.csproj", "{A1EB0C77-8C51-494A-B08B-E76D2CD3B4FF}"
EndProject
Global
	GlobalSection(SolutionConfigurationPlatforms) = preSolution
		Debug|Any CPU = Debug|Any CPU
		Release|Any CPU = Release|Any CPU
	EndGlobalSection
	GlobalSection(ProjectConfigurationPlatforms) = postSolution
		{A1EB0C77-8C51-494A-B08B-E76D2CD3B4FF}.Debug|Any CPU.ActiveCfg = Debug|Any CPU
		{A1EB0C77-8C51-494A-B08B-E76D2CD3B4FF}.Debug|Any CPU.Build.0 = Debug|Any CPU
		{A1EB0C77-8C51-494A-B08B-E76D2CD3B4FF}.Release|Any CPU.ActiveCfg = Release|Any CPU
		{A1EB0C77-8C51-494A-B08B-E76D2CD3B4FF}.Release|Any CPU.Build.0 = Release|Any CPU
	EndGlobalSection
	GlobalSection(SolutionProperties) = preSolution
		HideSolutionNode = FALSE
	EndGlobalSection
	GlobalSection(ExtensibilityGlobals) = postSolution
		SolutionGuid = {0F6B3A90-AEF9-4510-83B9-3944A4595FCE}
	EndGlobalSection
EndGlobal
